// !$*UTF8*$!
{
	archiveVersion = 1;
	classes = {
	};
	objectVersion = 50;
	objects = {

/* Begin PBXBuildFile section */
		6CD1209023B66CA500A7E5D0 /* AppDelegate.swift in Sources */ = {isa = PBXBuildFile; fileRef = 6CD1208F23B66CA500A7E5D0 /* AppDelegate.swift */; };
		6CD1209223B66CA500A7E5D0 /* SceneDelegate.swift in Sources */ = {isa = PBXBuildFile; fileRef = 6CD1209123B66CA500A7E5D0 /* SceneDelegate.swift */; };
		6CD1209423B66CA500A7E5D0 /* ViewController.swift in Sources */ = {isa = PBXBuildFile; fileRef = 6CD1209323B66CA500A7E5D0 /* ViewController.swift */; };
		6CD1209723B66CA500A7E5D0 /* Main.storyboard in Resources */ = {isa = PBXBuildFile; fileRef = 6CD1209523B66CA500A7E5D0 /* Main.storyboard */; };
		6CD1209923B66CA700A7E5D0 /* Assets.xcassets in Resources */ = {isa = PBXBuildFile; fileRef = 6CD1209823B66CA700A7E5D0 /* Assets.xcassets */; };
		6CD1209C23B66CA700A7E5D0 /* LaunchScreen.storyboard in Resources */ = {isa = PBXBuildFile; fileRef = 6CD1209A23B66CA700A7E5D0 /* LaunchScreen.storyboard */; };
/* End PBXBuildFile section */

/* Begin PBXFileReference section */
		6CD1208C23B66CA500A7E5D0 /* Projet-Syntese.app */ = {isa = PBXFileReference; explicitFileType = wrapper.application; includeInIndex = 0; path = "Projet-Syntese.app"; sourceTree = BUILT_PRODUCTS_DIR; };
		6CD1208F23B66CA500A7E5D0 /* AppDelegate.swift */ = {isa = PBXFileReference; lastKnownFileType = sourcecode.swift; path = AppDelegate.swift; sourceTree = "<group>"; };
		6CD1209123B66CA500A7E5D0 /* SceneDelegate.swift */ = {isa = PBXFileReference; lastKnownFileType = sourcecode.swift; path = SceneDelegate.swift; sourceTree = "<group>"; };
		6CD1209323B66CA500A7E5D0 /* ViewController.swift */ = {isa = PBXFileReference; lastKnownFileType = sourcecode.swift; path = ViewController.swift; sourceTree = "<group>"; };
		6CD1209623B66CA500A7E5D0 /* Base */ = {isa = PBXFileReference; lastKnownFileType = file.storyboard; name = Base; path = Base.lproj/Main.storyboard; sourceTree = "<group>"; };
		6CD1209823B66CA700A7E5D0 /* Assets.xcassets */ = {isa = PBXFileReference; lastKnownFileType = folder.assetcatalog; path = Assets.xcassets; sourceTree = "<group>"; };
		6CD1209B23B66CA700A7E5D0 /* Base */ = {isa = PBXFileReference; lastKnownFileType = file.storyboard; name = Base; path = Base.lproj/LaunchScreen.storyboard; sourceTree = "<group>"; };
		6CD1209D23B66CA700A7E5D0 /* Info.plist */ = {isa = PBXFileReference; lastKnownFileType = text.plist.xml; path = Info.plist; sourceTree = "<group>"; };
/* End PBXFileReference section */

/* Begin PBXFrameworksBuildPhase section */
		6CD1208923B66CA500A7E5D0 /* Frameworks */ = {
			isa = PBXFrameworksBuildPhase;
			buildActionMask = 2147483647;
			files = (
			);
			runOnlyForDeploymentPostprocessing = 0;
		};
/* End PBXFrameworksBuildPhase section */

/* Begin PBXGroup section */
		6CD1208323B66CA500A7E5D0 = {
			isa = PBXGroup;
			children = (
				6CD1208E23B66CA500A7E5D0 /* Projet-Syntese */,
				6CD1208D23B66CA500A7E5D0 /* Products */,
			);
			sourceTree = "<group>";
		};
		6CD1208D23B66CA500A7E5D0 /* Products */ = {
			isa = PBXGroup;
			children = (
				6CD1208C23B66CA500A7E5D0 /* Projet-Syntese.app */,
			);
			name = Products;
			sourceTree = "<group>";
		};
		6CD1208E23B66CA500A7E5D0 /* Projet-Syntese */ = {
			isa = PBXGroup;
			children = (
				6CD1208F23B66CA500A7E5D0 /* AppDelegate.swift */,
				6CD1209123B66CA500A7E5D0 /* SceneDelegate.swift */,
				6CD1209323B66CA500A7E5D0 /* ViewController.swift */,
				6CD1209523B66CA500A7E5D0 /* Main.storyboard */,
				6CD1209823B66CA700A7E5D0 /* Assets.xcassets */,
				6CD1209A23B66CA700A7E5D0 /* LaunchScreen.storyboard */,
				6CD1209D23B66CA700A7E5D0 /* Info.plist */,
			);
			path = "Projet-Syntese";
			sourceTree = "<group>";
		};
/* End PBXGroup section */

/* Begin PBXNativeTarget section */
		6CD1208B23B66CA500A7E5D0 /* Projet-Syntese */ = {
			isa = PBXNativeTarget;
			buildConfigurationList = 6CD120A023B66CA700A7E5D0 /* Build configuration list for PBXNativeTarget "Projet-Syntese" */;
			buildPhases = (
				6CD1208823B66CA500A7E5D0 /* Sources */,
				6CD1208923B66CA500A7E5D0 /* Frameworks */,
				6CD1208A23B66CA500A7E5D0 /* Resources */,
			);
			buildRules = (
			);
			dependencies = (
			);
			name = "Projet-Syntese";
			productName = "Projet-Syntese";
			productReference = 6CD1208C23B66CA500A7E5D0 /* Projet-Syntese.app */;
			productType = "com.apple.product-type.application";
		};
/* End PBXNativeTarget section */

/* Begin PBXProject section */
		6CD1208423B66CA500A7E5D0 /* Project object */ = {
			isa = PBXProject;
			attributes = {
				LastSwiftUpdateCheck = 1130;
				LastUpgradeCheck = 1130;
				ORGANIZATIONNAME = "M'haimdat omar";
				TargetAttributes = {
					6CD1208B23B66CA500A7E5D0 = {
						CreatedOnToolsVersion = 11.3;
					};
				};
			};
			buildConfigurationList = 6CD1208723B66CA500A7E5D0 /* Build configuration list for PBXProject "Projet-Syntese" */;
			compatibilityVersion = "Xcode 9.3";
			developmentRegion = en;
			hasScannedForEncodings = 0;
			knownRegions = (
				en,
				Base,
			);
			mainGroup = 6CD1208323B66CA500A7E5D0;
			productRefGroup = 6CD1208D23B66CA500A7E5D0 /* Products */;
			projectDirPath = "";
			projectRoot = "";
			targets = (
				6CD1208B23B66CA500A7E5D0 /* Projet-Syntese */,
			);
		};
/* End PBXProject section */

/* Begin PBXResourcesBuildPhase section */
		6CD1208A23B66CA500A7E5D0 /* Resources */ = {
			isa = PBXResourcesBuildPhase;
			buildActionMask = 2147483647;
			files = (
				6CD1209C23B66CA700A7E5D0 /* LaunchScreen.storyboard in Resources */,
				6CD1209923B66CA700A7E5D0 /* Assets.xcassets in Resources */,
				6CD1209723B66CA500A7E5D0 /* Main.storyboard in Resources */,
			);
			runOnlyForDeploymentPostprocessing = 0;
		};
/* End PBXResourcesBuildPhase section */

/* Begin PBXSourcesBuildPhase section */
		6CD1208823B66CA500A7E5D0 /* Sources */ = {
			isa = PBXSourcesBuildPhase;
			buildActionMask = 2147483647;
			files = (
				6CD1209423B66CA500A7E5D0 /* ViewController.swift in Sources */,
				6CD1209023B66CA500A7E5D0 /* AppDelegate.swift in Sources */,
				6CD1209223B66CA500A7E5D0 /* SceneDelegate.swift in Sources */,
			);
			runOnlyForDeploymentPostprocessing = 0;
		};
/* End PBXSourcesBuildPhase section */

/* Begin PBXVariantGroup section */
		6CD1209523B66CA500A7E5D0 /* Main.storyboard */ = {
			isa = PBXVariantGroup;
			children = (
				6CD1209623B66CA500A7E5D0 /* Base */,
			);
			name = Main.storyboard;
			sourceTree = "<group>";
		};
		6CD1209A23B66CA700A7E5D0 /* LaunchScreen.storyboard */ = {
			isa = PBXVariantGroup;
			children = (
				6CD1209B23B66CA700A7E5D0 /* Base */,
			);
			name = LaunchScreen.storyboard;
			sourceTree = "<group>";
		};
/* End PBXVariantGroup section */

/* Begin XCBuildConfiguration section */
		6CD1209E23B66CA700A7E5D0 /* Debug */ = {
			isa = XCBuildConfiguration;
			buildSettings = {
				ALWAYS_SEARCH_USER_PATHS = NO;
				CLANG_ANALYZER_NONNULL = YES;
				CLANG_ANALYZER_NUMBER_OBJECT_CONVERSION = YES_AGGRESSIVE;
				CLANG_CXX_LANGUAGE_STANDARD = "gnu++14";
				CLANG_CXX_LIBRARY = "libc++";
				CLANG_ENABLE_MODULES = YES;
				CLANG_ENABLE_OBJC_ARC = YES;
				CLANG_ENABLE_OBJC_WEAK = YES;
				CLANG_WARN_BLOCK_CAPTURE_AUTORELEASING = YES;
				CLANG_WARN_BOOL_CONVERSION = YES;
				CLANG_WARN_COMMA = YES;
				CLANG_WARN_CONSTANT_CONVERSION = YES;
				CLANG_WARN_DEPRECATED_OBJC_IMPLEMENTATIONS = YES;
				CLANG_WARN_DIRECT_OBJC_ISA_USAGE = YES_ERROR;
				CLANG_WARN_DOCUMENTATION_COMMENTS = YES;
				CLANG_WARN_EMPTY_BODY = YES;
				CLANG_WARN_ENUM_CONVERSION = YES;
				CLANG_WARN_INFINITE_RECURSION = YES;
				CLANG_WARN_INT_CONVERSION = YES;
				CLANG_WARN_NON_LITERAL_NULL_CONVERSION = YES;
				CLANG_WARN_OBJC_IMPLICIT_RETAIN_SELF = YES;
				CLANG_WARN_OBJC_LITERAL_CONVERSION = YES;
				CLANG_WARN_OBJC_ROOT_CLASS = YES_ERROR;
				CLANG_WARN_RANGE_LOOP_ANALYSIS = YES;
				CLANG_WARN_STRICT_PROTOTYPES = YES;
				CLANG_WARN_SUSPICIOUS_MOVE = YES;
				CLANG_WARN_UNGUARDED_AVAILABILITY = YES_AGGRESSIVE;
				CLANG_WARN_UNREACHABLE_CODE = YES;
				CLANG_WARN__DUPLICATE_METHOD_MATCH = YES;
				COPY_PHASE_STRIP = NO;
				DEBUG_INFORMATION_FORMAT = dwarf;
				ENABLE_STRICT_OBJC_MSGSEND = YES;
				ENABLE_TESTABILITY = YES;
				GCC_C_LANGUAGE_STANDARD = gnu11;
				GCC_DYNAMIC_NO_PIC = NO;
				GCC_NO_COMMON_BLOCKS = YES;
				GCC_OPTIMIZATION_LEVEL = 0;
				GCC_PREPROCESSOR_DEFINITIONS = (
					"DEBUG=1",
					"$(inherited)",
				);
				GCC_WARN_64_TO_32_BIT_CONVERSION = YES;
				GCC_WARN_ABOUT_RETURN_TYPE = YES_ERROR;
				GCC_WARN_UNDECLARED_SELECTOR = YES;
				GCC_WARN_UNINITIALIZED_AUTOS = YES_AGGRESSIVE;
				GCC_WARN_UNUSED_FUNCTION = YES;
				GCC_WARN_UNUSED_VARIABLE = YES;
				IPHONEOS_DEPLOYMENT_TARGET = 13.2;
				MTL_ENABLE_DEBUG_INFO = INCLUDE_SOURCE;
				MTL_FAST_MATH = YES;
				ONLY_ACTIVE_ARCH = YES;
				SDKROOT = iphoneos;
				SWIFT_ACTIVE_COMPILATION_CONDITIONS = DEBUG;
				SWIFT_OPTIMIZATION_LEVEL = "-Onone";
			};
			name = Debug;
		};
		6CD1209F23B66CA700A7E5D0 /* Release */ = {
			isa = XCBuildConfiguration;
			buildSettings = {
				ALWAYS_SEARCH_USER_PATHS = NO;
				CLANG_ANALYZER_NONNULL = YES;
				CLANG_ANALYZER_NUMBER_OBJECT_CONVERSION = YES_AGGRESSIVE;
				CLANG_CXX_LANGUAGE_STANDARD = "gnu++14";
				CLANG_CXX_LIBRARY = "libc++";
				CLANG_ENABLE_MODULES = YES;
				CLANG_ENABLE_OBJC_ARC = YES;
				CLANG_ENABLE_OBJC_WEAK = YES;
				CLANG_WARN_BLOCK_CAPTURE_AUTORELEASING = YES;
				CLANG_WARN_BOOL_CONVERSION = YES;
				CLANG_WARN_COMMA = YES;
				CLANG_WARN_CONSTANT_CONVERSION = YES;
				CLANG_WARN_DEPRECATED_OBJC_IMPLEMENTATIONS = YES;
				CLANG_WARN_DIRECT_OBJC_ISA_USAGE = YES_ERROR;
				CLANG_WARN_DOCUMENTATION_COMMENTS = YES;
				CLANG_WARN_EMPTY_BODY = YES;
				CLANG_WARN_ENUM_CONVERSION = YES;
				CLANG_WARN_INFINITE_RECURSION = YES;
				CLANG_WARN_INT_CONVERSION = YES;
				CLANG_WARN_NON_LITERAL_NULL_CONVERSION = YES;
				CLANG_WARN_OBJC_IMPLICIT_RETAIN_SELF = YES;
				CLANG_WARN_OBJC_LITERAL_CONVERSION = YES;
				CLANG_WARN_OBJC_ROOT_CLASS = YES_ERROR;
				CLANG_WARN_RANGE_LOOP_ANALYSIS = YES;
				CLANG_WARN_STRICT_PROTOTYPES = YES;
				CLANG_WARN_SUSPICIOUS_MOVE = YES;
				CLANG_WARN_UNGUARDED_AVAILABILITY = YES_AGGRESSIVE;
				CLANG_WARN_UNREACHABLE_CODE = YES;
				CLANG_WARN__DUPLICATE_METHOD_MATCH = YES;
				COPY_PHASE_STRIP = NO;
				DEBUG_INFORMATION_FORMAT = "dwarf-with-dsym";
				ENABLE_NS_ASSERTIONS = NO;
				ENABLE_STRICT_OBJC_MSGSEND = YES;
				GCC_C_LANGUAGE_STANDARD = gnu11;
				GCC_NO_COMMON_BLOCKS = YES;
				GCC_WARN_64_TO_32_BIT_CONVERSION = YES;
				GCC_WARN_ABOUT_RETURN_TYPE = YES_ERROR;
				GCC_WARN_UNDECLARED_SELECTOR = YES;
				GCC_WARN_UNINITIALIZED_AUTOS = YES_AGGRESSIVE;
				GCC_WARN_UNUSED_FUNCTION = YES;
				GCC_WARN_UNUSED_VARIABLE = YES;
				IPHONEOS_DEPLOYMENT_TARGET = 13.2;
				MTL_ENABLE_DEBUG_INFO = NO;
				MTL_FAST_MATH = YES;
				SDKROOT = iphoneos;
				SWIFT_COMPILATION_MODE = wholemodule;
				SWIFT_OPTIMIZATION_LEVEL = "-O";
				VALIDATE_PRODUCT = YES;
			};
			name = Release;
		};
		6CD120A123B66CA700A7E5D0 /* Debug */ = {
			isa = XCBuildConfiguration;
			buildSettings = {
				ASSETCATALOG_COMPILER_APPICON_NAME = AppIcon;
				CODE_SIGN_STYLE = Automatic;
				DEVELOPMENT_TEAM = KF6724J2G9;
				INFOPLIST_FILE = "Projet-Syntese/Info.plist";
				LD_RUNPATH_SEARCH_PATHS = (
					"$(inherited)",
					"@executable_path/Frameworks",
				);
				PRODUCT_BUNDLE_IDENTIFIER = "omar.Projet-Syntese";
				PRODUCT_NAME = "$(TARGET_NAME)";
				SWIFT_VERSION = 5.0;
				TARGETED_DEVICE_FAMILY = "1,2";
			};
			name = Debug;
		};
		6CD120A223B66CA700A7E5D0 /* Release */ = {
			isa = XCBuildConfiguration;
			buildSettings = {
				ASSETCATALOG_COMPILER_APPICON_NAME = AppIcon;
				CODE_SIGN_STYLE = Automatic;
				DEVELOPMENT_TEAM = KF6724J2G9;
				INFOPLIST_FILE = "Projet-Syntese/Info.plist";
				LD_RUNPATH_SEARCH_PATHS = (
					"$(inherited)",
					"@executable_path/Frameworks",
				);
				PRODUCT_BUNDLE_IDENTIFIER = "omar.Projet-Syntese";
				PRODUCT_NAME = "$(TARGET_NAME)";
				SWIFT_VERSION = 5.0;
				TARGETED_DEVICE_FAMILY = "1,2";
			};
			name = Release;
		};
/* End XCBuildConfiguration section */

/* Begin XCConfigurationList section */
		6CD1208723B66CA500A7E5D0 /* Build configuration list for PBXProject "Projet-Syntese" */ = {
			isa = XCConfigurationList;
			buildConfigurations = (
				6CD1209E23B66CA700A7E5D0 /* Debug */,
				6CD1209F23B66CA700A7E5D0 /* Release */,
			);
			defaultConfigurationIsVisible = 0;
			defaultConfigurationName = Release;
		};
		6CD120A023B66CA700A7E5D0 /* Build configuration list for PBXNativeTarget "Projet-Syntese" */ = {
			isa = XCConfigurationList;
			buildConfigurations = (
				6CD120A123B66CA700A7E5D0 /* Debug */,
				6CD120A223B66CA700A7E5D0 /* Release */,
			);
			defaultConfigurationIsVisible = 0;
			defaultConfigurationName = Release;
		};
/* End XCConfigurationList section */
	};
	rootObject = 6CD1208423B66CA500A7E5D0 /* Project object */;
}
